
Microsoft Visual Studio Solution File, Format Version 12.00
# Visual Studio Version 16
VisualStudioVersion = 16.6.30114.105
MinimumVisualStudioVersion = 10.0.40219.1
Project("{2150E333-8FDC-42A3-9474-1A3956D46DE8}") = "src", "src", "{3752753B-981D-4BC7-BE46-8D0E0C0BC293}"
EndProject
Project("{FAE04EC0-301F-11D3-BF4B-00C04F79EFBC}") = "Djcord.Bot", "src\Djcord.Bot\Djcord.Bot.csproj", "{5F20E08B-39E7-49A3-8F51-8534BDE318C8}"
EndProject
Project("{2150E333-8FDC-42A3-9474-1A3956D46DE8}") = "test", "test", "{9BDC025D-9164-4E92-BE1B-9A6AB0C1FB0F}"
EndProject
Project("{FAE04EC0-301F-11D3-BF4B-00C04F79EFBC}") = "Djcord.Bot.Test", "test\Djcord.Bot.Test\Djcord.Bot.Test.csproj", "{CC7482BA-C287-4392-A9C9-6BB5F23A8C6B}"
EndProject
Global
	GlobalSection(SolutionConfigurationPlatforms) = preSolution
		Debug|Any CPU = Debug|Any CPU
		Debug|x64 = Debug|x64
		Debug|x86 = Debug|x86
		Release|Any CPU = Release|Any CPU
		Release|x64 = Release|x64
		Release|x86 = Release|x86
	EndGlobalSection
	GlobalSection(SolutionProperties) = preSolution
		HideSolutionNode = FALSE
	EndGlobalSection
	GlobalSection(ProjectConfigurationPlatforms) = postSolution
		{5F20E08B-39E7-49A3-8F51-8534BDE318C8}.Debug|Any CPU.ActiveCfg = Debug|Any CPU
		{5F20E08B-39E7-49A3-8F51-8534BDE318C8}.Debug|Any CPU.Build.0 = Debug|Any CPU
		{5F20E08B-39E7-49A3-8F51-8534BDE318C8}.Debug|x64.ActiveCfg = Debug|Any CPU
		{5F20E08B-39E7-49A3-8F51-8534BDE318C8}.Debug|x64.Build.0 = Debug|Any CPU
		{5F20E08B-39E7-49A3-8F51-8534BDE318C8}.Debug|x86.ActiveCfg = Debug|Any CPU
		{5F20E08B-39E7-49A3-8F51-8534BDE318C8}.Debug|x86.Build.0 = Debug|Any CPU
		{5F20E08B-39E7-49A3-8F51-8534BDE318C8}.Release|Any CPU.ActiveCfg = Release|Any CPU
		{5F20E08B-39E7-49A3-8F51-8534BDE318C8}.Release|Any CPU.Build.0 = Release|Any CPU
		{5F20E08B-39E7-49A3-8F51-8534BDE318C8}.Release|x64.ActiveCfg = Release|Any CPU
		{5F20E08B-39E7-49A3-8F51-8534BDE318C8}.Release|x64.Build.0 = Release|Any CPU
		{5F20E08B-39E7-49A3-8F51-8534BDE318C8}.Release|x86.ActiveCfg = Release|Any CPU
		{5F20E08B-39E7-49A3-8F51-8534BDE318C8}.Release|x86.Build.0 = Release|Any CPU
		{CC7482BA-C287-4392-A9C9-6BB5F23A8C6B}.Debug|Any CPU.ActiveCfg = Debug|Any CPU
		{CC7482BA-C287-4392-A9C9-6BB5F23A8C6B}.Debug|Any CPU.Build.0 = Debug|Any CPU
		{CC7482BA-C287-4392-A9C9-6BB5F23A8C6B}.Debug|x64.ActiveCfg = Debug|Any CPU
		{CC7482BA-C287-4392-A9C9-6BB5F23A8C6B}.Debug|x64.Build.0 = Debug|Any CPU
		{CC7482BA-C287-4392-A9C9-6BB5F23A8C6B}.Debug|x86.ActiveCfg = Debug|Any CPU
		{CC7482BA-C287-4392-A9C9-6BB5F23A8C6B}.Debug|x86.Build.0 = Debug|Any CPU
		{CC7482BA-C287-4392-A9C9-6BB5F23A8C6B}.Release|Any CPU.ActiveCfg = Release|Any CPU
		{CC7482BA-C287-4392-A9C9-6BB5F23A8C6B}.Release|Any CPU.Build.0 = Release|Any CPU
		{CC7482BA-C287-4392-A9C9-6BB5F23A8C6B}.Release|x64.ActiveCfg = Release|Any CPU
		{CC7482BA-C287-4392-A9C9-6BB5F23A8C6B}.Release|x64.Build.0 = Release|Any CPU
		{CC7482BA-C287-4392-A9C9-6BB5F23A8C6B}.Release|x86.ActiveCfg = Release|Any CPU
		{CC7482BA-C287-4392-A9C9-6BB5F23A8C6B}.Release|x86.Build.0 = Release|Any CPU
	EndGlobalSection
	GlobalSection(NestedProjects) = preSolution
		{5F20E08B-39E7-49A3-8F51-8534BDE318C8} = {3752753B-981D-4BC7-BE46-8D0E0C0BC293}
		{CC7482BA-C287-4392-A9C9-6BB5F23A8C6B} = {9BDC025D-9164-4E92-BE1B-9A6AB0C1FB0F}
	EndGlobalSection
EndGlobal
